
Microsoft Visual Studio Solution File, Format Version 12.00
# Visual Studio Version 17
VisualStudioVersion = 17.4.33205.214
MinimumVisualStudioVersion = 10.0.40219.1
Project("{FAE04EC0-301F-11D3-BF4B-00C04F79EFBC}") = "ChatWPF", "ChatWPF\ChatWPF.csproj", "{F318483B-47FF-4EFF-8744-81BD28F75E14}"
EndProject
Global
	GlobalSection(SolutionConfigurationPlatforms) = preSolution
		Debug|Any CPU = Debug|Any CPU
		Release|Any CPU = Release|Any CPU
	EndGlobalSection
	GlobalSection(ProjectConfigurationPlatforms) = postSolution
		{F318483B-47FF-4EFF-8744-81BD28F75E14}.Debug|Any CPU.ActiveCfg = Debug|Any CPU
		{F318483B-47FF-4EFF-8744-81BD28F75E14}.Debug|Any CPU.Build.0 = Debug|Any CPU
		{F318483B-47FF-4EFF-8744-81BD28F75E14}.Release|Any CPU.ActiveCfg = Release|Any CPU
		{F318483B-47FF-4EFF-8744-81BD28F75E14}.Release|Any CPU.Build.0 = Release|Any CPU
	EndGlobalSection
	GlobalSection(SolutionProperties) = preSolution
		HideSolutionNode = FALSE
	EndGlobalSection
	GlobalSection(ExtensibilityGlobals) = postSolution
		SolutionGuid = {222ECBA6-412B-4A3F-A1B2-F2EA0EDBFAB1}
	EndGlobalSection
EndGlobal
